
Microsoft Visual Studio Solution File, Format Version 12.00
# Visual Studio Version 17
VisualStudioVersion = 17.0.31903.59
MinimumVisualStudioVersion = 10.0.40219.1
Project("{9A19103F-16F7-4668-BE54-9A1E7A4F7556}") = "Todo.Api", "Todo.Api\Todo.Api.csproj", "{57248EF3-B113-4B20-8D7A-60402880C895}"
EndProject
Project("{9A19103F-16F7-4668-BE54-9A1E7A4F7556}") = "Todo.Api.Test", "Todo.Api.Test\Todo.Api.Test.csproj", "{F90058CE-0244-46D4-963C-B7B3E12BEC53}"
EndProject
Project("{2150E333-8FDC-42A3-9474-1A3956D46DE8}") = "ClusterConfigurtionFiles", "ClusterConfigurtionFiles", "{3F0A045B-4BD1-496B-86A7-D0287F096033}"
	ProjectSection(SolutionItems) = preProject
		docker-compose.yaml = docker-compose.yaml
	EndProjectSection
EndProject
Global
	GlobalSection(SolutionConfigurationPlatforms) = preSolution
		Debug|Any CPU = Debug|Any CPU
		Release|Any CPU = Release|Any CPU
	EndGlobalSection
	GlobalSection(ProjectConfigurationPlatforms) = postSolution
		{57248EF3-B113-4B20-8D7A-60402880C895}.Debug|Any CPU.ActiveCfg = Debug|Any CPU
		{57248EF3-B113-4B20-8D7A-60402880C895}.Debug|Any CPU.Build.0 = Debug|Any CPU
		{57248EF3-B113-4B20-8D7A-60402880C895}.Release|Any CPU.ActiveCfg = Release|Any CPU
		{57248EF3-B113-4B20-8D7A-60402880C895}.Release|Any CPU.Build.0 = Release|Any CPU
		{F90058CE-0244-46D4-963C-B7B3E12BEC53}.Debug|Any CPU.ActiveCfg = Debug|Any CPU
		{F90058CE-0244-46D4-963C-B7B3E12BEC53}.Debug|Any CPU.Build.0 = Debug|Any CPU
		{F90058CE-0244-46D4-963C-B7B3E12BEC53}.Release|Any CPU.ActiveCfg = Release|Any CPU
		{F90058CE-0244-46D4-963C-B7B3E12BEC53}.Release|Any CPU.Build.0 = Release|Any CPU
	EndGlobalSection
	GlobalSection(SolutionProperties) = preSolution
		HideSolutionNode = FALSE
	EndGlobalSection
	GlobalSection(ExtensibilityGlobals) = postSolution
		SolutionGuid = {16635FA4-BCBA-42C3-8538-9C226A734901}
	EndGlobalSection
EndGlobal
